
Microsoft Visual Studio Solution File, Format Version 12.00
# Visual Studio 15
VisualStudioVersion = 15.0.28307.852
MinimumVisualStudioVersion = 10.0.40219.1
Project("{FAE04EC0-301F-11D3-BF4B-00C04F79EFBC}") = "03-listadoProductos", "03-listadoProductos\03-listadoProductos.csproj", "{AB6E08A9-4301-4406-A955-4942F6177F92}"
EndProject
Global
	GlobalSection(SolutionConfigurationPlatforms) = preSolution
		Debug|Any CPU = Debug|Any CPU
		Release|Any CPU = Release|Any CPU
	EndGlobalSection
	GlobalSection(ProjectConfigurationPlatforms) = postSolution
		{AB6E08A9-4301-4406-A955-4942F6177F92}.Debug|Any CPU.ActiveCfg = Debug|Any CPU
		{AB6E08A9-4301-4406-A955-4942F6177F92}.Debug|Any CPU.Build.0 = Debug|Any CPU
		{AB6E08A9-4301-4406-A955-4942F6177F92}.Release|Any CPU.ActiveCfg = Release|Any CPU
		{AB6E08A9-4301-4406-A955-4942F6177F92}.Release|Any CPU.Build.0 = Release|Any CPU
	EndGlobalSection
	GlobalSection(SolutionProperties) = preSolution
		HideSolutionNode = FALSE
	EndGlobalSection
	GlobalSection(ExtensibilityGlobals) = postSolution
		SolutionGuid = {4857A7B8-C93F-403F-AAC9-CEA45EEBECBF}
	EndGlobalSection
EndGlobal
