
Microsoft Visual Studio Solution File, Format Version 12.00
# Visual Studio Version 16
VisualStudioVersion = 16.0.29409.12
MinimumVisualStudioVersion = 10.0.40219.1
Project("{FAE04EC0-301F-11D3-BF4B-00C04F79EFBC}") = "04-PasarDatosDeControladorAVistaParte2", "04-PasarDatosDeControladorAVistarParte2\04-PasarDatosDeControladorAVistaParte2.csproj", "{42FCC4E7-1C6A-4465-BDD7-459B46541BBF}"
EndProject
Global
	GlobalSection(SolutionConfigurationPlatforms) = preSolution
		Debug|Any CPU = Debug|Any CPU
		Release|Any CPU = Release|Any CPU
	EndGlobalSection
	GlobalSection(ProjectConfigurationPlatforms) = postSolution
		{42FCC4E7-1C6A-4465-BDD7-459B46541BBF}.Debug|Any CPU.ActiveCfg = Debug|Any CPU
		{42FCC4E7-1C6A-4465-BDD7-459B46541BBF}.Debug|Any CPU.Build.0 = Debug|Any CPU
		{42FCC4E7-1C6A-4465-BDD7-459B46541BBF}.Release|Any CPU.ActiveCfg = Release|Any CPU
		{42FCC4E7-1C6A-4465-BDD7-459B46541BBF}.Release|Any CPU.Build.0 = Release|Any CPU
	EndGlobalSection
	GlobalSection(SolutionProperties) = preSolution
		HideSolutionNode = FALSE
	EndGlobalSection
	GlobalSection(ExtensibilityGlobals) = postSolution
		SolutionGuid = {CC2F247A-921E-4A1D-85EB-B02501C4E379}
	EndGlobalSection
EndGlobal
